// !$*UTF8*$!
{
	archiveVersion = 1;
	classes = {
	};
	objectVersion = 50;
	objects = {

/* Begin PBXBuildFile section */
		CD0253022118660300DA63E3 /* Extension.swift in Sources */ = {isa = PBXBuildFile; fileRef = CD0253012118660300DA63E3 /* Extension.swift */; };
		CD07566020D8F52B00B643C3 /* Assets.xcassets in Resources */ = {isa = PBXBuildFile; fileRef = CD07565F20D8F52B00B643C3 /* Assets.xcassets */; };
		CD11D75D20EA99450024D493 /* LLDB.framework in Frameworks */ = {isa = PBXBuildFile; fileRef = CD11D75B20EA99450024D493 /* LLDB.framework */; };
		CD11D75E20EA99450024D493 /* LLDBKit.framework in Frameworks */ = {isa = PBXBuildFile; fileRef = CD11D75C20EA99450024D493 /* LLDBKit.framework */; };
		CD11D76020EA99570024D493 /* LLDB.framework in Copy Frameworks */ = {isa = PBXBuildFile; fileRef = CD11D75B20EA99450024D493 /* LLDB.framework */; settings = {ATTRIBUTES = (CodeSignOnCopy, RemoveHeadersOnCopy, ); }; };
		CD11D76120EA99570024D493 /* LLDBKit.framework in Copy Frameworks */ = {isa = PBXBuildFile; fileRef = CD11D75C20EA99450024D493 /* LLDBKit.framework */; settings = {ATTRIBUTES = (CodeSignOnCopy, RemoveHeadersOnCopy, ); }; };
		CD11D76320EA99F20024D493 /* Processor.swift in Sources */ = {isa = PBXBuildFile; fileRef = CD11D76220EA99F20024D493 /* Processor.swift */; };
		CD28E49120E11BC100C28897 /* flow.icns in Resources */ = {isa = PBXBuildFile; fileRef = CD28E49020E11BC100C28897 /* flow.icns */; };
		CD28E49820E11DB300C28897 /* AppDelegate.swift in Sources */ = {isa = PBXBuildFile; fileRef = CD28E49320E11DB300C28897 /* AppDelegate.swift */; };
		CD28E49920E11DB300C28897 /* FIDocument.swift in Sources */ = {isa = PBXBuildFile; fileRef = CD28E49520E11DB300C28897 /* FIDocument.swift */; };
		CD28E4A020E1249200C28897 /* SourceTreeController.swift in Sources */ = {isa = PBXBuildFile; fileRef = CD28E49F20E1249200C28897 /* SourceTreeController.swift */; };
		CD3C459520FCC63C0001119C /* Result.swift in Sources */ = {isa = PBXBuildFile; fileRef = CD3C459420FCC63C0001119C /* Result.swift */; };
		CD6BBBEF20F2141B00DE8073 /* GraphViewModel.swift in Sources */ = {isa = PBXBuildFile; fileRef = CD6BBBEE20F2141B00DE8073 /* GraphViewModel.swift */; };
		CDA6E22020F507D600F60152 /* GoogleReporter.swift in Sources */ = {isa = PBXBuildFile; fileRef = CDA6E21F20F507D600F60152 /* GoogleReporter.swift */; };
		CDA7CBCA20EFE6D90088FE94 /* graph.bundle in Resources */ = {isa = PBXBuildFile; fileRef = CDA7CBC920EFE6D90088FE94 /* graph.bundle */; };
		CDA7CDA220EFEEAD0088FE94 /* TensorFlowKit.framework in Frameworks */ = {isa = PBXBuildFile; fileRef = CDA7CD9B20EFEEAC0088FE94 /* TensorFlowKit.framework */; };
		CDA7CDA320EFEEAD0088FE94 /* Unarchiver.framework in Frameworks */ = {isa = PBXBuildFile; fileRef = CDA7CD9C20EFEEAD0088FE94 /* Unarchiver.framework */; };
		CDA7CDA420EFEEAD0088FE94 /* CAPI.framework in Frameworks */ = {isa = PBXBuildFile; fileRef = CDA7CD9D20EFEEAD0088FE94 /* CAPI.framework */; };
		CDA7CDA520EFEEAD0088FE94 /* MemoryLayoutKit.framework in Frameworks */ = {isa = PBXBuildFile; fileRef = CDA7CD9E20EFEEAD0088FE94 /* MemoryLayoutKit.framework */; };
		CDA7CDA620EFEEAD0088FE94 /* MNISTKit.framework in Frameworks */ = {isa = PBXBuildFile; fileRef = CDA7CD9F20EFEEAD0088FE94 /* MNISTKit.framework */; };
		CDA7CDA720EFEEAD0088FE94 /* Proto.framework in Frameworks */ = {isa = PBXBuildFile; fileRef = CDA7CDA020EFEEAD0088FE94 /* Proto.framework */; };
		CDA7CDA820EFEEAD0088FE94 /* SwiftProtobuf.framework in Frameworks */ = {isa = PBXBuildFile; fileRef = CDA7CDA120EFEEAD0088FE94 /* SwiftProtobuf.framework */; };
		CDA7CDA920EFEECA0088FE94 /* CAPI.framework in Copy Frameworks */ = {isa = PBXBuildFile; fileRef = CDA7CD9D20EFEEAD0088FE94 /* CAPI.framework */; settings = {ATTRIBUTES = (CodeSignOnCopy, RemoveHeadersOnCopy, ); }; };
		CDA7CDAA20EFEECA0088FE94 /* MemoryLayoutKit.framework in Copy Frameworks */ = {isa = PBXBuildFile; fileRef = CDA7CD9E20EFEEAD0088FE94 /* MemoryLayoutKit.framework */; settings = {ATTRIBUTES = (CodeSignOnCopy, RemoveHeadersOnCopy, ); }; };
		CDA7CDAB20EFEECA0088FE94 /* MNISTKit.framework in Copy Frameworks */ = {isa = PBXBuildFile; fileRef = CDA7CD9F20EFEEAD0088FE94 /* MNISTKit.framework */; settings = {ATTRIBUTES = (CodeSignOnCopy, RemoveHeadersOnCopy, ); }; };
		CDA7CDAC20EFEECA0088FE94 /* Proto.framework in Copy Frameworks */ = {isa = PBXBuildFile; fileRef = CDA7CDA020EFEEAD0088FE94 /* Proto.framework */; settings = {ATTRIBUTES = (CodeSignOnCopy, RemoveHeadersOnCopy, ); }; };
		CDA7CDAD20EFEECA0088FE94 /* SwiftProtobuf.framework in Copy Frameworks */ = {isa = PBXBuildFile; fileRef = CDA7CDA120EFEEAD0088FE94 /* SwiftProtobuf.framework */; settings = {ATTRIBUTES = (CodeSignOnCopy, RemoveHeadersOnCopy, ); }; };
		CDA7CDAE20EFEECA0088FE94 /* TensorFlowKit.framework in Copy Frameworks */ = {isa = PBXBuildFile; fileRef = CDA7CD9B20EFEEAC0088FE94 /* TensorFlowKit.framework */; settings = {ATTRIBUTES = (CodeSignOnCopy, RemoveHeadersOnCopy, ); }; };
		CDA7CDAF20EFEECA0088FE94 /* Unarchiver.framework in Copy Frameworks */ = {isa = PBXBuildFile; fileRef = CDA7CD9C20EFEEAD0088FE94 /* Unarchiver.framework */; settings = {ATTRIBUTES = (CodeSignOnCopy, RemoveHeadersOnCopy, ); }; };
		CDA7CDB920EFEF850088FE94 /* CTensorFlow.h in Headers */ = {isa = PBXBuildFile; fileRef = CDA7CDB720EFEF850088FE94 /* CTensorFlow.h */; settings = {ATTRIBUTES = (Public, ); }; };
		CDA7CDBC20EFEF850088FE94 /* CTensorFlow.framework in Frameworks */ = {isa = PBXBuildFile; fileRef = CDA7CDB520EFEF850088FE94 /* CTensorFlow.framework */; };
		CDA7CDBD20EFEF850088FE94 /* CTensorFlow.framework in Copy Frameworks */ = {isa = PBXBuildFile; fileRef = CDA7CDB520EFEF850088FE94 /* CTensorFlow.framework */; settings = {ATTRIBUTES = (CodeSignOnCopy, RemoveHeadersOnCopy, ); }; };
		CDAB847A20E6302700E334B5 /* swift-source_Icon.icns in Resources */ = {isa = PBXBuildFile; fileRef = CDAB847920E6302700E334B5 /* swift-source_Icon.icns */; };
		CDAB847D20E632C600E334B5 /* dSYM_Icon.icns in Resources */ = {isa = PBXBuildFile; fileRef = CDAB847B20E632C600E334B5 /* dSYM_Icon.icns */; };
		CDAB847E20E632C600E334B5 /* processorusagepoint.icns in Resources */ = {isa = PBXBuildFile; fileRef = CDAB847C20E632C600E334B5 /* processorusagepoint.icns */; };
		CDB3399C211AE38800D41B36 /* PreferencesWindowController.swift in Sources */ = {isa = PBXBuildFile; fileRef = CDB33982211AE38800D41B36 /* PreferencesWindowController.swift */; };
		CDB3399D211AE38800D41B36 /* PreferencesWindowController.xib in Resources */ = {isa = PBXBuildFile; fileRef = CDB33983211AE38800D41B36 /* PreferencesWindowController.xib */; };
		CDB339A8211AE38800D41B36 /* CodeViewController.xib in Resources */ = {isa = PBXBuildFile; fileRef = CDB33990211AE38800D41B36 /* CodeViewController.xib */; };
		CDB339A9211AE38800D41B36 /* CodeViewController.swift in Sources */ = {isa = PBXBuildFile; fileRef = CDB33991211AE38800D41B36 /* CodeViewController.swift */; };
		CDB339AA211AE38800D41B36 /* GraphViewController.swift in Sources */ = {isa = PBXBuildFile; fileRef = CDB33993211AE38800D41B36 /* GraphViewController.swift */; };
		CDB339AB211AE38800D41B36 /* GraphViewController.xib in Resources */ = {isa = PBXBuildFile; fileRef = CDB33994211AE38800D41B36 /* GraphViewController.xib */; };
		CDB339AC211AE38800D41B36 /* ProjectWindow.swift in Sources */ = {isa = PBXBuildFile; fileRef = CDB33996211AE38800D41B36 /* ProjectWindow.swift */; };
		CDB339AD211AE38800D41B36 /* ProjectViewController.swift in Sources */ = {isa = PBXBuildFile; fileRef = CDB33997211AE38800D41B36 /* ProjectViewController.swift */; };
		CDB339AE211AE38800D41B36 /* ProjectWindowController.swift in Sources */ = {isa = PBXBuildFile; fileRef = CDB33998211AE38800D41B36 /* ProjectWindowController.swift */; };
		CDB339AF211AE38800D41B36 /* DebugViewController.xib in Resources */ = {isa = PBXBuildFile; fileRef = CDB3399A211AE38800D41B36 /* DebugViewController.xib */; };
		CDB339B0211AE38800D41B36 /* DebugViewController.swift in Sources */ = {isa = PBXBuildFile; fileRef = CDB3399B211AE38800D41B36 /* DebugViewController.swift */; };
		CDB339BB211AE39900D41B36 /* TensorInfoViewController.swift in Sources */ = {isa = PBXBuildFile; fileRef = CDB339B1211AE39900D41B36 /* TensorInfoViewController.swift */; };
		CDB339BC211AE39900D41B36 /* NavigatorAreaViewController.xib in Resources */ = {isa = PBXBuildFile; fileRef = CDB339B2211AE39900D41B36 /* NavigatorAreaViewController.xib */; };
		CDB339BD211AE39900D41B36 /* TensorInfoViewController.xib in Resources */ = {isa = PBXBuildFile; fileRef = CDB339B3211AE39900D41B36 /* TensorInfoViewController.xib */; };
		CDB339BE211AE39900D41B36 /* BreakpointViewController.xib in Resources */ = {isa = PBXBuildFile; fileRef = CDB339B4211AE39900D41B36 /* BreakpointViewController.xib */; };
		CDB339BF211AE39900D41B36 /* InfoAreaViewController.xib in Resources */ = {isa = PBXBuildFile; fileRef = CDB339B5211AE39900D41B36 /* InfoAreaViewController.xib */; };
		CDB339C0211AE39900D41B36 /* NavigatorAreaViewController.swift in Sources */ = {isa = PBXBuildFile; fileRef = CDB339B6211AE39900D41B36 /* NavigatorAreaViewController.swift */; };
		CDB339C1211AE39900D41B36 /* InfoAreaViewController.swift in Sources */ = {isa = PBXBuildFile; fileRef = CDB339B7211AE39900D41B36 /* InfoAreaViewController.swift */; };
		CDB339C2211AE39900D41B36 /* SourceTreeViewController.xib in Resources */ = {isa = PBXBuildFile; fileRef = CDB339B8211AE39900D41B36 /* SourceTreeViewController.xib */; };
		CDB339C3211AE39900D41B36 /* SourceTreeViewController.swift in Sources */ = {isa = PBXBuildFile; fileRef = CDB339B9211AE39900D41B36 /* SourceTreeViewController.swift */; };
		CDB339C4211AE39900D41B36 /* BreakpointViewController.swift in Sources */ = {isa = PBXBuildFile; fileRef = CDB339BA211AE39900D41B36 /* BreakpointViewController.swift */; };
		CDB339C7211AEB4E00D41B36 /* TabButton.swift in Sources */ = {isa = PBXBuildFile; fileRef = CDB339C6211AEB4E00D41B36 /* TabButton.swift */; };
		CDDFA64B20E2357900945622 /* Main.storyboard in Resources */ = {isa = PBXBuildFile; fileRef = CDDFA64920E2357900945622 /* Main.storyboard */; };
		CDDFA66C20E2499700945622 /* monaco.bundle in Resources */ = {isa = PBXBuildFile; fileRef = CDDFA66B20E2499600945622 /* monaco.bundle */; };
		CDF42DC520E13B9600EC87B5 /* FIDocumentController.swift in Sources */ = {isa = PBXBuildFile; fileRef = CDF42DC420E13B9600EC87B5 /* FIDocumentController.swift */; };
/* End PBXBuildFile section */

/* Begin PBXContainerItemProxy section */
		CDA7CDBA20EFEF850088FE94 /* PBXContainerItemProxy */ = {
			isa = PBXContainerItemProxy;
			containerPortal = CD07564E20D8F52900B643C3 /* Project object */;
			proxyType = 1;
			remoteGlobalIDString = CDA7CDB420EFEF850088FE94;
			remoteInfo = CTensorFlow;
		};
/* End PBXContainerItemProxy section */

/* Begin PBXCopyFilesBuildPhase section */
		CD11D75F20EA994F0024D493 /* Copy Frameworks */ = {
			isa = PBXCopyFilesBuildPhase;
			buildActionMask = 2147483647;
			dstPath = "";
			dstSubfolderSpec = 10;
			files = (
				CDA7CDA920EFEECA0088FE94 /* CAPI.framework in Copy Frameworks */,
				CDA7CDBD20EFEF850088FE94 /* CTensorFlow.framework in Copy Frameworks */,
				CDA7CDAA20EFEECA0088FE94 /* MemoryLayoutKit.framework in Copy Frameworks */,
				CDA7CDAB20EFEECA0088FE94 /* MNISTKit.framework in Copy Frameworks */,
				CDA7CDAC20EFEECA0088FE94 /* Proto.framework in Copy Frameworks */,
				CDA7CDAD20EFEECA0088FE94 /* SwiftProtobuf.framework in Copy Frameworks */,
				CDA7CDAE20EFEECA0088FE94 /* TensorFlowKit.framework in Copy Frameworks */,
				CDA7CDAF20EFEECA0088FE94 /* Unarchiver.framework in Copy Frameworks */,
				CD11D76020EA99570024D493 /* LLDB.framework in Copy Frameworks */,
				CD11D76120EA99570024D493 /* LLDBKit.framework in Copy Frameworks */,
			);
			name = "Copy Frameworks";
			runOnlyForDeploymentPostprocessing = 0;
		};
/* End PBXCopyFilesBuildPhase section */

/* Begin PBXFileReference section */
		CD0253012118660300DA63E3 /* Extension.swift */ = {isa = PBXFileReference; lastKnownFileType = sourcecode.swift; path = Extension.swift; sourceTree = "<group>"; };
		CD07565620D8F52900B643C3 /* Flow Inspector.app */ = {isa = PBXFileReference; explicitFileType = wrapper.application; includeInIndex = 0; path = "Flow Inspector.app"; sourceTree = BUILT_PRODUCTS_DIR; };
		CD07565F20D8F52B00B643C3 /* Assets.xcassets */ = {isa = PBXFileReference; lastKnownFileType = folder.assetcatalog; path = Assets.xcassets; sourceTree = "<group>"; };
		CD07566420D8F52B00B643C3 /* Info.plist */ = {isa = PBXFileReference; lastKnownFileType = text.plist.xml; path = Info.plist; sourceTree = "<group>"; };
		CD07566520D8F52B00B643C3 /* Flow_Inspector.entitlements */ = {isa = PBXFileReference; lastKnownFileType = text.plist.entitlements; path = Flow_Inspector.entitlements; sourceTree = "<group>"; };
		CD11D75B20EA99450024D493 /* LLDB.framework */ = {isa = PBXFileReference; lastKnownFileType = wrapper.framework; path = LLDB.framework; sourceTree = "<group>"; };
		CD11D75C20EA99450024D493 /* LLDBKit.framework */ = {isa = PBXFileReference; lastKnownFileType = wrapper.framework; path = LLDBKit.framework; sourceTree = "<group>"; };
		CD11D76220EA99F20024D493 /* Processor.swift */ = {isa = PBXFileReference; lastKnownFileType = sourcecode.swift; path = Processor.swift; sourceTree = "<group>"; };
		CD28E49020E11BC100C28897 /* flow.icns */ = {isa = PBXFileReference; lastKnownFileType = image.icns; path = flow.icns; sourceTree = "<group>"; };
		CD28E49320E11DB300C28897 /* AppDelegate.swift */ = {isa = PBXFileReference; fileEncoding = 4; lastKnownFileType = sourcecode.swift; path = AppDelegate.swift; sourceTree = "<group>"; };
		CD28E49520E11DB300C28897 /* FIDocument.swift */ = {isa = PBXFileReference; fileEncoding = 4; lastKnownFileType = sourcecode.swift; path = FIDocument.swift; sourceTree = "<group>"; };
		CD28E49F20E1249200C28897 /* SourceTreeController.swift */ = {isa = PBXFileReference; lastKnownFileType = sourcecode.swift; path = SourceTreeController.swift; sourceTree = "<group>"; };
		CD3C459420FCC63C0001119C /* Result.swift */ = {isa = PBXFileReference; lastKnownFileType = sourcecode.swift; path = Result.swift; sourceTree = "<group>"; };
		CD6BBBEE20F2141B00DE8073 /* GraphViewModel.swift */ = {isa = PBXFileReference; lastKnownFileType = sourcecode.swift; path = GraphViewModel.swift; sourceTree = "<group>"; };
		CDA6E21F20F507D600F60152 /* GoogleReporter.swift */ = {isa = PBXFileReference; lastKnownFileType = sourcecode.swift; path = GoogleReporter.swift; sourceTree = "<group>"; };
		CDA7CBC920EFE6D90088FE94 /* graph.bundle */ = {isa = PBXFileReference; lastKnownFileType = "wrapper.plug-in"; path = graph.bundle; sourceTree = "<group>"; };
		CDA7CD9B20EFEEAC0088FE94 /* TensorFlowKit.framework */ = {isa = PBXFileReference; lastKnownFileType = wrapper.framework; path = TensorFlowKit.framework; sourceTree = "<group>"; };
		CDA7CD9C20EFEEAD0088FE94 /* Unarchiver.framework */ = {isa = PBXFileReference; lastKnownFileType = wrapper.framework; path = Unarchiver.framework; sourceTree = "<group>"; };
		CDA7CD9D20EFEEAD0088FE94 /* CAPI.framework */ = {isa = PBXFileReference; lastKnownFileType = wrapper.framework; path = CAPI.framework; sourceTree = "<group>"; };
		CDA7CD9E20EFEEAD0088FE94 /* MemoryLayoutKit.framework */ = {isa = PBXFileReference; lastKnownFileType = wrapper.framework; path = MemoryLayoutKit.framework; sourceTree = "<group>"; };
		CDA7CD9F20EFEEAD0088FE94 /* MNISTKit.framework */ = {isa = PBXFileReference; lastKnownFileType = wrapper.framework; path = MNISTKit.framework; sourceTree = "<group>"; };
		CDA7CDA020EFEEAD0088FE94 /* Proto.framework */ = {isa = PBXFileReference; lastKnownFileType = wrapper.framework; path = Proto.framework; sourceTree = "<group>"; };
		CDA7CDA120EFEEAD0088FE94 /* SwiftProtobuf.framework */ = {isa = PBXFileReference; lastKnownFileType = wrapper.framework; path = SwiftProtobuf.framework; sourceTree = "<group>"; };
		CDA7CDB520EFEF850088FE94 /* CTensorFlow.framework */ = {isa = PBXFileReference; explicitFileType = wrapper.framework; includeInIndex = 0; path = CTensorFlow.framework; sourceTree = BUILT_PRODUCTS_DIR; };
		CDA7CDB720EFEF850088FE94 /* CTensorFlow.h */ = {isa = PBXFileReference; lastKnownFileType = sourcecode.c.h; path = CTensorFlow.h; sourceTree = "<group>"; };
		CDA7CDB820EFEF850088FE94 /* Info.plist */ = {isa = PBXFileReference; lastKnownFileType = text.plist.xml; path = Info.plist; sourceTree = "<group>"; };
		CDAB847920E6302700E334B5 /* swift-source_Icon.icns */ = {isa = PBXFileReference; lastKnownFileType = image.icns; path = "swift-source_Icon.icns"; sourceTree = "<group>"; };
		CDAB847B20E632C600E334B5 /* dSYM_Icon.icns */ = {isa = PBXFileReference; lastKnownFileType = image.icns; path = dSYM_Icon.icns; sourceTree = "<group>"; };
		CDAB847C20E632C600E334B5 /* processorusagepoint.icns */ = {isa = PBXFileReference; lastKnownFileType = image.icns; path = processorusagepoint.icns; sourceTree = "<group>"; };
		CDB33982211AE38800D41B36 /* PreferencesWindowController.swift */ = {isa = PBXFileReference; fileEncoding = 4; lastKnownFileType = sourcecode.swift; path = PreferencesWindowController.swift; sourceTree = "<group>"; };
		CDB33983211AE38800D41B36 /* PreferencesWindowController.xib */ = {isa = PBXFileReference; fileEncoding = 4; lastKnownFileType = file.xib; path = PreferencesWindowController.xib; sourceTree = "<group>"; };
		CDB33990211AE38800D41B36 /* CodeViewController.xib */ = {isa = PBXFileReference; fileEncoding = 4; lastKnownFileType = file.xib; path = CodeViewController.xib; sourceTree = "<group>"; };
		CDB33991211AE38800D41B36 /* CodeViewController.swift */ = {isa = PBXFileReference; fileEncoding = 4; lastKnownFileType = sourcecode.swift; path = CodeViewController.swift; sourceTree = "<group>"; };
		CDB33993211AE38800D41B36 /* GraphViewController.swift */ = {isa = PBXFileReference; fileEncoding = 4; lastKnownFileType = sourcecode.swift; path = GraphViewController.swift; sourceTree = "<group>"; };
		CDB33994211AE38800D41B36 /* GraphViewController.xib */ = {isa = PBXFileReference; fileEncoding = 4; lastKnownFileType = file.xib; path = GraphViewController.xib; sourceTree = "<group>"; };
		CDB33996211AE38800D41B36 /* ProjectWindow.swift */ = {isa = PBXFileReference; fileEncoding = 4; lastKnownFileType = sourcecode.swift; path = ProjectWindow.swift; sourceTree = "<group>"; };
		CDB33997211AE38800D41B36 /* ProjectViewController.swift */ = {isa = PBXFileReference; fileEncoding = 4; lastKnownFileType = sourcecode.swift; path = ProjectViewController.swift; sourceTree = "<group>"; };
		CDB33998211AE38800D41B36 /* ProjectWindowController.swift */ = {isa = PBXFileReference; fileEncoding = 4; lastKnownFileType = sourcecode.swift; path = ProjectWindowController.swift; sourceTree = "<group>"; };
		CDB3399A211AE38800D41B36 /* DebugViewController.xib */ = {isa = PBXFileReference; fileEncoding = 4; lastKnownFileType = file.xib; path = DebugViewController.xib; sourceTree = "<group>"; };
		CDB3399B211AE38800D41B36 /* DebugViewController.swift */ = {isa = PBXFileReference; fileEncoding = 4; lastKnownFileType = sourcecode.swift; path = DebugViewController.swift; sourceTree = "<group>"; };
		CDB339B1211AE39900D41B36 /* TensorInfoViewController.swift */ = {isa = PBXFileReference; fileEncoding = 4; lastKnownFileType = sourcecode.swift; path = TensorInfoViewController.swift; sourceTree = "<group>"; };
		CDB339B2211AE39900D41B36 /* NavigatorAreaViewController.xib */ = {isa = PBXFileReference; fileEncoding = 4; lastKnownFileType = file.xib; path = NavigatorAreaViewController.xib; sourceTree = "<group>"; };
		CDB339B3211AE39900D41B36 /* TensorInfoViewController.xib */ = {isa = PBXFileReference; fileEncoding = 4; lastKnownFileType = file.xib; path = TensorInfoViewController.xib; sourceTree = "<group>"; };
		CDB339B4211AE39900D41B36 /* BreakpointViewController.xib */ = {isa = PBXFileReference; fileEncoding = 4; lastKnownFileType = file.xib; path = BreakpointViewController.xib; sourceTree = "<group>"; };
		CDB339B5211AE39900D41B36 /* InfoAreaViewController.xib */ = {isa = PBXFileReference; fileEncoding = 4; lastKnownFileType = file.xib; path = InfoAreaViewController.xib; sourceTree = "<group>"; };
		CDB339B6211AE39900D41B36 /* NavigatorAreaViewController.swift */ = {isa = PBXFileReference; fileEncoding = 4; lastKnownFileType = sourcecode.swift; path = NavigatorAreaViewController.swift; sourceTree = "<group>"; };
		CDB339B7211AE39900D41B36 /* InfoAreaViewController.swift */ = {isa = PBXFileReference; fileEncoding = 4; lastKnownFileType = sourcecode.swift; path = InfoAreaViewController.swift; sourceTree = "<group>"; };
		CDB339B8211AE39900D41B36 /* SourceTreeViewController.xib */ = {isa = PBXFileReference; fileEncoding = 4; lastKnownFileType = file.xib; path = SourceTreeViewController.xib; sourceTree = "<group>"; };
		CDB339B9211AE39900D41B36 /* SourceTreeViewController.swift */ = {isa = PBXFileReference; fileEncoding = 4; lastKnownFileType = sourcecode.swift; path = SourceTreeViewController.swift; sourceTree = "<group>"; };
		CDB339BA211AE39900D41B36 /* BreakpointViewController.swift */ = {isa = PBXFileReference; fileEncoding = 4; lastKnownFileType = sourcecode.swift; path = BreakpointViewController.swift; sourceTree = "<group>"; };
		CDB339C6211AEB4E00D41B36 /* TabButton.swift */ = {isa = PBXFileReference; lastKnownFileType = sourcecode.swift; path = TabButton.swift; sourceTree = "<group>"; };
		CDDFA64A20E2357900945622 /* Base */ = {isa = PBXFileReference; lastKnownFileType = file.storyboard; name = Base; path = Base.lproj/Main.storyboard; sourceTree = "<group>"; };
		CDDFA66B20E2499600945622 /* monaco.bundle */ = {isa = PBXFileReference; lastKnownFileType = "wrapper.plug-in"; path = monaco.bundle; sourceTree = "<group>"; };
		CDF42DC420E13B9600EC87B5 /* FIDocumentController.swift */ = {isa = PBXFileReference; lastKnownFileType = sourcecode.swift; path = FIDocumentController.swift; sourceTree = "<group>"; };
/* End PBXFileReference section */

/* Begin PBXFrameworksBuildPhase section */
		CD07565320D8F52900B643C3 /* Frameworks */ = {
			isa = PBXFrameworksBuildPhase;
			buildActionMask = 2147483647;
			files = (
				CD11D75D20EA99450024D493 /* LLDB.framework in Frameworks */,
				CDA7CDBC20EFEF850088FE94 /* CTensorFlow.framework in Frameworks */,
				CDA7CDA220EFEEAD0088FE94 /* TensorFlowKit.framework in Frameworks */,
				CDA7CDA620EFEEAD0088FE94 /* MNISTKit.framework in Frameworks */,
				CDA7CDA520EFEEAD0088FE94 /* MemoryLayoutKit.framework in Frameworks */,
				CDA7CDA820EFEEAD0088FE94 /* SwiftProtobuf.framework in Frameworks */,
				CDA7CDA420EFEEAD0088FE94 /* CAPI.framework in Frameworks */,
				CD11D75E20EA99450024D493 /* LLDBKit.framework in Frameworks */,
				CDA7CDA320EFEEAD0088FE94 /* Unarchiver.framework in Frameworks */,
				CDA7CDA720EFEEAD0088FE94 /* Proto.framework in Frameworks */,
			);
			runOnlyForDeploymentPostprocessing = 0;
		};
		CDA7CDB120EFEF850088FE94 /* Frameworks */ = {
			isa = PBXFrameworksBuildPhase;
			buildActionMask = 2147483647;
			files = (
			);
			runOnlyForDeploymentPostprocessing = 0;
		};
/* End PBXFrameworksBuildPhase section */

/* Begin PBXGroup section */
		CD07564D20D8F52900B643C3 = {
			isa = PBXGroup;
			children = (
				CD07565820D8F52900B643C3 /* Flow Inspector */,
				CDA7CDB620EFEF850088FE94 /* CTensorFlow */,
				CD07565720D8F52900B643C3 /* Products */,
			);
			sourceTree = "<group>";
		};
		CD07565720D8F52900B643C3 /* Products */ = {
			isa = PBXGroup;
			children = (
				CD07565620D8F52900B643C3 /* Flow Inspector.app */,
				CDA7CDB520EFEF850088FE94 /* CTensorFlow.framework */,
			);
			name = Products;
			sourceTree = "<group>";
		};
		CD07565820D8F52900B643C3 /* Flow Inspector */ = {
			isa = PBXGroup;
			children = (
				CD11D75A20EA99450024D493 /* Frameworks */,
				CD28E48820E1165300C28897 /* Classes */,
				CD28E48F20E11BAD00C28897 /* Resources */,
				CD07565F20D8F52B00B643C3 /* Assets.xcassets */,
				CD07566420D8F52B00B643C3 /* Info.plist */,
				CD07566520D8F52B00B643C3 /* Flow_Inspector.entitlements */,
			);
			path = "Flow Inspector";
			sourceTree = "<group>";
		};
		CD11D75A20EA99450024D493 /* Frameworks */ = {
			isa = PBXGroup;
			children = (
				CDA7CD9D20EFEEAD0088FE94 /* CAPI.framework */,
				CDA7CD9E20EFEEAD0088FE94 /* MemoryLayoutKit.framework */,
				CDA7CD9F20EFEEAD0088FE94 /* MNISTKit.framework */,
				CDA7CDA020EFEEAD0088FE94 /* Proto.framework */,
				CDA7CDA120EFEEAD0088FE94 /* SwiftProtobuf.framework */,
				CDA7CD9B20EFEEAC0088FE94 /* TensorFlowKit.framework */,
				CDA7CD9C20EFEEAD0088FE94 /* Unarchiver.framework */,
				CD11D75B20EA99450024D493 /* LLDB.framework */,
				CD11D75C20EA99450024D493 /* LLDBKit.framework */,
			);
			path = Frameworks;
			sourceTree = "<group>";
		};
		CD28E48820E1165300C28897 /* Classes */ = {
			isa = PBXGroup;
			children = (
				CD28E49220E11DB300C28897 /* Controller */,
				CD28E49420E11DB300C28897 /* Document */,
				CD28E49620E11DB300C28897 /* UI */,
			);
			path = Classes;
			sourceTree = "<group>";
		};
		CD28E48F20E11BAD00C28897 /* Resources */ = {
			isa = PBXGroup;
			children = (
				CDA7CBC920EFE6D90088FE94 /* graph.bundle */,
				CDAB847B20E632C600E334B5 /* dSYM_Icon.icns */,
				CDAB847C20E632C600E334B5 /* processorusagepoint.icns */,
				CDAB847920E6302700E334B5 /* swift-source_Icon.icns */,
				CDDFA66B20E2499600945622 /* monaco.bundle */,
				CDDFA64920E2357900945622 /* Main.storyboard */,
				CD28E49020E11BC100C28897 /* flow.icns */,
			);
			path = Resources;
			sourceTree = "<group>";
		};
		CD28E49220E11DB300C28897 /* Controller */ = {
			isa = PBXGroup;
			children = (
				CD28E49320E11DB300C28897 /* AppDelegate.swift */,
				CD28E49F20E1249200C28897 /* SourceTreeController.swift */,
				CD11D76220EA99F20024D493 /* Processor.swift */,
				CDA6E21F20F507D600F60152 /* GoogleReporter.swift */,
				CD3C459420FCC63C0001119C /* Result.swift */,
				CD0253012118660300DA63E3 /* Extension.swift */,
			);
			path = Controller;
			sourceTree = "<group>";
		};
		CD28E49420E11DB300C28897 /* Document */ = {
			isa = PBXGroup;
			children = (
				CD6BBBED20F2141000DE8073 /* Model */,
				CD28E49520E11DB300C28897 /* FIDocument.swift */,
				CDF42DC420E13B9600EC87B5 /* FIDocumentController.swift */,
			);
			path = Document;
			sourceTree = "<group>";
		};
		CD28E49620E11DB300C28897 /* UI */ = {
			isa = PBXGroup;
			children = (
				CDB339C5211AEB3E00D41B36 /* UIKit */,
				CDB3398F211AE38800D41B36 /* CodeArea */,
				CDB33999211AE38800D41B36 /* DebugArea */,
				CDB33992211AE38800D41B36 /* GraphArea */,
				CDB33984211AE38800D41B36 /* NavigationArea */,
				CDB33981211AE38800D41B36 /* Preferences */,
				CDB33995211AE38800D41B36 /* Project */,
			);
			path = UI;
			sourceTree = "<group>";
		};
		CD6BBBED20F2141000DE8073 /* Model */ = {
			isa = PBXGroup;
			children = (
				CD6BBBEE20F2141B00DE8073 /* GraphViewModel.swift */,
			);
			path = Model;
			sourceTree = "<group>";
		};
		CDA7CDB620EFEF850088FE94 /* CTensorFlow */ = {
			isa = PBXGroup;
			children = (
				CDA7CDB720EFEF850088FE94 /* CTensorFlow.h */,
				CDA7CDB820EFEF850088FE94 /* Info.plist */,
			);
			path = CTensorFlow;
			sourceTree = "<group>";
		};
		CDB33981211AE38800D41B36 /* Preferences */ = {
			isa = PBXGroup;
			children = (
				CDB33982211AE38800D41B36 /* PreferencesWindowController.swift */,
				CDB33983211AE38800D41B36 /* PreferencesWindowController.xib */,
			);
			path = Preferences;
			sourceTree = "<group>";
		};
		CDB33984211AE38800D41B36 /* NavigationArea */ = {
			isa = PBXGroup;
			children = (
				CDB339BA211AE39900D41B36 /* BreakpointViewController.swift */,
				CDB339B4211AE39900D41B36 /* BreakpointViewController.xib */,
				CDB339B7211AE39900D41B36 /* InfoAreaViewController.swift */,
				CDB339B5211AE39900D41B36 /* InfoAreaViewController.xib */,
				CDB339B6211AE39900D41B36 /* NavigatorAreaViewController.swift */,
				CDB339B2211AE39900D41B36 /* NavigatorAreaViewController.xib */,
				CDB339B9211AE39900D41B36 /* SourceTreeViewController.swift */,
				CDB339B8211AE39900D41B36 /* SourceTreeViewController.xib */,
				CDB339B1211AE39900D41B36 /* TensorInfoViewController.swift */,
				CDB339B3211AE39900D41B36 /* TensorInfoViewController.xib */,
			);
			path = NavigationArea;
			sourceTree = "<group>";
		};
		CDB3398F211AE38800D41B36 /* CodeArea */ = {
			isa = PBXGroup;
			children = (
				CDB33990211AE38800D41B36 /* CodeViewController.xib */,
				CDB33991211AE38800D41B36 /* CodeViewController.swift */,
			);
			path = CodeArea;
			sourceTree = "<group>";
		};
		CDB33992211AE38800D41B36 /* GraphArea */ = {
			isa = PBXGroup;
			children = (
				CDB33993211AE38800D41B36 /* GraphViewController.swift */,
				CDB33994211AE38800D41B36 /* GraphViewController.xib */,
			);
			path = GraphArea;
			sourceTree = "<group>";
		};
		CDB33995211AE38800D41B36 /* Project */ = {
			isa = PBXGroup;
			children = (
				CDB33996211AE38800D41B36 /* ProjectWindow.swift */,
				CDB33997211AE38800D41B36 /* ProjectViewController.swift */,
				CDB33998211AE38800D41B36 /* ProjectWindowController.swift */,
			);
			path = Project;
			sourceTree = "<group>";
		};
		CDB33999211AE38800D41B36 /* DebugArea */ = {
			isa = PBXGroup;
			children = (
				CDB3399A211AE38800D41B36 /* DebugViewController.xib */,
				CDB3399B211AE38800D41B36 /* DebugViewController.swift */,
			);
			path = DebugArea;
			sourceTree = "<group>";
		};
		CDB339C5211AEB3E00D41B36 /* UIKit */ = {
			isa = PBXGroup;
			children = (
				CDB339C6211AEB4E00D41B36 /* TabButton.swift */,
			);
			path = UIKit;
			sourceTree = "<group>";
		};
/* End PBXGroup section */

/* Begin PBXHeadersBuildPhase section */
		CDA7CDB220EFEF850088FE94 /* Headers */ = {
			isa = PBXHeadersBuildPhase;
			buildActionMask = 2147483647;
			files = (
				CDA7CDB920EFEF850088FE94 /* CTensorFlow.h in Headers */,
			);
			runOnlyForDeploymentPostprocessing = 0;
		};
/* End PBXHeadersBuildPhase section */

/* Begin PBXNativeTarget section */
		CD07565520D8F52900B643C3 /* Flow Inspector */ = {
			isa = PBXNativeTarget;
			buildConfigurationList = CD07566820D8F52B00B643C3 /* Build configuration list for PBXNativeTarget "Flow Inspector" */;
			buildPhases = (
				CD07565220D8F52900B643C3 /* Sources */,
				CD07565320D8F52900B643C3 /* Frameworks */,
				CD07565420D8F52900B643C3 /* Resources */,
				CD11D75F20EA994F0024D493 /* Copy Frameworks */,
			);
			buildRules = (
			);
			dependencies = (
				CDA7CDBB20EFEF850088FE94 /* PBXTargetDependency */,
			);
			name = "Flow Inspector";
			productName = "Flow Inspector";
			productReference = CD07565620D8F52900B643C3 /* Flow Inspector.app */;
			productType = "com.apple.product-type.application";
		};
		CDA7CDB420EFEF850088FE94 /* CTensorFlow */ = {
			isa = PBXNativeTarget;
			buildConfigurationList = CDA7CDBE20EFEF850088FE94 /* Build configuration list for PBXNativeTarget "CTensorFlow" */;
			buildPhases = (
				CDA7CDB020EFEF850088FE94 /* Sources */,
				CDA7CDB120EFEF850088FE94 /* Frameworks */,
				CDA7CDB220EFEF850088FE94 /* Headers */,
				CDA7CDB320EFEF850088FE94 /* Resources */,
			);
			buildRules = (
			);
			dependencies = (
			);
			name = CTensorFlow;
			productName = CTensorFlow;
			productReference = CDA7CDB520EFEF850088FE94 /* CTensorFlow.framework */;
			productType = "com.apple.product-type.framework";
		};
/* End PBXNativeTarget section */

/* Begin PBXProject section */
		CD07564E20D8F52900B643C3 /* Project object */ = {
			isa = PBXProject;
			attributes = {
				LastSwiftUpdateCheck = 0930;
				LastUpgradeCheck = 0930;
				ORGANIZATIONNAME = Octadero;
				TargetAttributes = {
					CD07565520D8F52900B643C3 = {
						CreatedOnToolsVersion = 9.3;
						LastSwiftMigration = 1000;
						SystemCapabilities = {
							com.apple.Sandbox = {
								enabled = 0;
							};
						};
					};
					CDA7CDB420EFEF850088FE94 = {
						CreatedOnToolsVersion = 9.4.1;
					};
				};
			};
			buildConfigurationList = CD07565120D8F52900B643C3 /* Build configuration list for PBXProject "Flow Inspector" */;
			compatibilityVersion = "Xcode 9.3";
			developmentRegion = en;
			hasScannedForEncodings = 0;
			knownRegions = (
				en,
				Base,
			);
			mainGroup = CD07564D20D8F52900B643C3;
			productRefGroup = CD07565720D8F52900B643C3 /* Products */;
			projectDirPath = "";
			projectRoot = "";
			targets = (
				CD07565520D8F52900B643C3 /* Flow Inspector */,
				CDA7CDB420EFEF850088FE94 /* CTensorFlow */,
			);
		};
/* End PBXProject section */

/* Begin PBXResourcesBuildPhase section */
		CD07565420D8F52900B643C3 /* Resources */ = {
			isa = PBXResourcesBuildPhase;
			buildActionMask = 2147483647;
			files = (
				CDB3399D211AE38800D41B36 /* PreferencesWindowController.xib in Resources */,
				CDB339BE211AE39900D41B36 /* BreakpointViewController.xib in Resources */,
				CDB339BD211AE39900D41B36 /* TensorInfoViewController.xib in Resources */,
				CDB339AF211AE38800D41B36 /* DebugViewController.xib in Resources */,
				CDDFA64B20E2357900945622 /* Main.storyboard in Resources */,
				CDAB847D20E632C600E334B5 /* dSYM_Icon.icns in Resources */,
				CDAB847E20E632C600E334B5 /* processorusagepoint.icns in Resources */,
				CD28E49120E11BC100C28897 /* flow.icns in Resources */,
				CDB339A8211AE38800D41B36 /* CodeViewController.xib in Resources */,
				CDB339AB211AE38800D41B36 /* GraphViewController.xib in Resources */,
				CDB339BC211AE39900D41B36 /* NavigatorAreaViewController.xib in Resources */,
				CDB339C2211AE39900D41B36 /* SourceTreeViewController.xib in Resources */,
				CDA7CBCA20EFE6D90088FE94 /* graph.bundle in Resources */,
				CDAB847A20E6302700E334B5 /* swift-source_Icon.icns in Resources */,
				CDDFA66C20E2499700945622 /* monaco.bundle in Resources */,
				CD07566020D8F52B00B643C3 /* Assets.xcassets in Resources */,
				CDB339BF211AE39900D41B36 /* InfoAreaViewController.xib in Resources */,
			);
			runOnlyForDeploymentPostprocessing = 0;
		};
		CDA7CDB320EFEF850088FE94 /* Resources */ = {
			isa = PBXResourcesBuildPhase;
			buildActionMask = 2147483647;
			files = (
			);
			runOnlyForDeploymentPostprocessing = 0;
		};
/* End PBXResourcesBuildPhase section */

/* Begin PBXSourcesBuildPhase section */
		CD07565220D8F52900B643C3 /* Sources */ = {
			isa = PBXSourcesBuildPhase;
			buildActionMask = 2147483647;
			files = (
				CDB339BB211AE39900D41B36 /* TensorInfoViewController.swift in Sources */,
				CDB339C1211AE39900D41B36 /* InfoAreaViewController.swift in Sources */,
				CDA6E22020F507D600F60152 /* GoogleReporter.swift in Sources */,
				CD11D76320EA99F20024D493 /* Processor.swift in Sources */,
				CDB3399C211AE38800D41B36 /* PreferencesWindowController.swift in Sources */,
				CD28E4A020E1249200C28897 /* SourceTreeController.swift in Sources */,
				CD3C459520FCC63C0001119C /* Result.swift in Sources */,
				CD28E49920E11DB300C28897 /* FIDocument.swift in Sources */,
				CDB339C0211AE39900D41B36 /* NavigatorAreaViewController.swift in Sources */,
				CD0253022118660300DA63E3 /* Extension.swift in Sources */,
				CD28E49820E11DB300C28897 /* AppDelegate.swift in Sources */,
				CDB339AD211AE38800D41B36 /* ProjectViewController.swift in Sources */,
				CDB339A9211AE38800D41B36 /* CodeViewController.swift in Sources */,
				CDB339B0211AE38800D41B36 /* DebugViewController.swift in Sources */,
				CDB339AE211AE38800D41B36 /* ProjectWindowController.swift in Sources */,
				CDB339AA211AE38800D41B36 /* GraphViewController.swift in Sources */,
				CDB339C4211AE39900D41B36 /* BreakpointViewController.swift in Sources */,
				CDF42DC520E13B9600EC87B5 /* FIDocumentController.swift in Sources */,
				CDB339C3211AE39900D41B36 /* SourceTreeViewController.swift in Sources */,
				CDB339C7211AEB4E00D41B36 /* TabButton.swift in Sources */,
				CD6BBBEF20F2141B00DE8073 /* GraphViewModel.swift in Sources */,
				CDB339AC211AE38800D41B36 /* ProjectWindow.swift in Sources */,
			);
			runOnlyForDeploymentPostprocessing = 0;
		};
		CDA7CDB020EFEF850088FE94 /* Sources */ = {
			isa = PBXSourcesBuildPhase;
			buildActionMask = 2147483647;
			files = (
			);
			runOnlyForDeploymentPostprocessing = 0;
		};
/* End PBXSourcesBuildPhase section */

/* Begin PBXTargetDependency section */
		CDA7CDBB20EFEF850088FE94 /* PBXTargetDependency */ = {
			isa = PBXTargetDependency;
			target = CDA7CDB420EFEF850088FE94 /* CTensorFlow */;
			targetProxy = CDA7CDBA20EFEF850088FE94 /* PBXContainerItemProxy */;
		};
/* End PBXTargetDependency section */

/* Begin PBXVariantGroup section */
		CDDFA64920E2357900945622 /* Main.storyboard */ = {
			isa = PBXVariantGroup;
			children = (
				CDDFA64A20E2357900945622 /* Base */,
			);
			name = Main.storyboard;
			sourceTree = "<group>";
		};
/* End PBXVariantGroup section */

/* Begin XCBuildConfiguration section */
		CD07566620D8F52B00B643C3 /* Debug */ = {
			isa = XCBuildConfiguration;
			buildSettings = {
				ALWAYS_SEARCH_USER_PATHS = NO;
				CLANG_ANALYZER_NONNULL = YES;
				CLANG_ANALYZER_NUMBER_OBJECT_CONVERSION = YES_AGGRESSIVE;
				CLANG_CXX_LANGUAGE_STANDARD = "gnu++14";
				CLANG_CXX_LIBRARY = "libc++";
				CLANG_ENABLE_MODULES = YES;
				CLANG_ENABLE_OBJC_ARC = YES;
				CLANG_ENABLE_OBJC_WEAK = YES;
				CLANG_WARN_BLOCK_CAPTURE_AUTORELEASING = YES;
				CLANG_WARN_BOOL_CONVERSION = YES;
				CLANG_WARN_COMMA = YES;
				CLANG_WARN_CONSTANT_CONVERSION = YES;
				CLANG_WARN_DEPRECATED_OBJC_IMPLEMENTATIONS = YES;
				CLANG_WARN_DIRECT_OBJC_ISA_USAGE = YES_ERROR;
				CLANG_WARN_DOCUMENTATION_COMMENTS = YES;
				CLANG_WARN_EMPTY_BODY = YES;
				CLANG_WARN_ENUM_CONVERSION = YES;
				CLANG_WARN_INFINITE_RECURSION = YES;
				CLANG_WARN_INT_CONVERSION = YES;
				CLANG_WARN_NON_LITERAL_NULL_CONVERSION = YES;
				CLANG_WARN_OBJC_IMPLICIT_RETAIN_SELF = YES;
				CLANG_WARN_OBJC_LITERAL_CONVERSION = YES;
				CLANG_WARN_OBJC_ROOT_CLASS = YES_ERROR;
				CLANG_WARN_RANGE_LOOP_ANALYSIS = YES;
				CLANG_WARN_STRICT_PROTOTYPES = YES;
				CLANG_WARN_SUSPICIOUS_MOVE = YES;
				CLANG_WARN_UNGUARDED_AVAILABILITY = YES_AGGRESSIVE;
				CLANG_WARN_UNREACHABLE_CODE = YES;
				CLANG_WARN__DUPLICATE_METHOD_MATCH = YES;
				CODE_SIGN_IDENTITY = "Mac Developer";
				COPY_PHASE_STRIP = NO;
				DEBUG_INFORMATION_FORMAT = dwarf;
				ENABLE_STRICT_OBJC_MSGSEND = YES;
				ENABLE_TESTABILITY = YES;
				GCC_C_LANGUAGE_STANDARD = gnu11;
				GCC_DYNAMIC_NO_PIC = NO;
				GCC_NO_COMMON_BLOCKS = YES;
				GCC_OPTIMIZATION_LEVEL = 0;
				GCC_PREPROCESSOR_DEFINITIONS = (
					"DEBUG=1",
					"$(inherited)",
				);
				GCC_WARN_64_TO_32_BIT_CONVERSION = YES;
				GCC_WARN_ABOUT_RETURN_TYPE = YES_ERROR;
				GCC_WARN_UNDECLARED_SELECTOR = YES;
				GCC_WARN_UNINITIALIZED_AUTOS = YES_AGGRESSIVE;
				GCC_WARN_UNUSED_FUNCTION = YES;
				GCC_WARN_UNUSED_VARIABLE = YES;
				MACOSX_DEPLOYMENT_TARGET = 10.13;
				MTL_ENABLE_DEBUG_INFO = YES;
				ONLY_ACTIVE_ARCH = YES;
				SDKROOT = macosx;
				SWIFT_ACTIVE_COMPILATION_CONDITIONS = DEBUG;
				SWIFT_OPTIMIZATION_LEVEL = "-Onone";
			};
			name = Debug;
		};
		CD07566720D8F52B00B643C3 /* Release */ = {
			isa = XCBuildConfiguration;
			buildSettings = {
				ALWAYS_SEARCH_USER_PATHS = NO;
				CLANG_ANALYZER_NONNULL = YES;
				CLANG_ANALYZER_NUMBER_OBJECT_CONVERSION = YES_AGGRESSIVE;
				CLANG_CXX_LANGUAGE_STANDARD = "gnu++14";
				CLANG_CXX_LIBRARY = "libc++";
				CLANG_ENABLE_MODULES = YES;
				CLANG_ENABLE_OBJC_ARC = YES;
				CLANG_ENABLE_OBJC_WEAK = YES;
				CLANG_WARN_BLOCK_CAPTURE_AUTORELEASING = YES;
				CLANG_WARN_BOOL_CONVERSION = YES;
				CLANG_WARN_COMMA = YES;
				CLANG_WARN_CONSTANT_CONVERSION = YES;
				CLANG_WARN_DEPRECATED_OBJC_IMPLEMENTATIONS = YES;
				CLANG_WARN_DIRECT_OBJC_ISA_USAGE = YES_ERROR;
				CLANG_WARN_DOCUMENTATION_COMMENTS = YES;
				CLANG_WARN_EMPTY_BODY = YES;
				CLANG_WARN_ENUM_CONVERSION = YES;
				CLANG_WARN_INFINITE_RECURSION = YES;
				CLANG_WARN_INT_CONVERSION = YES;
				CLANG_WARN_NON_LITERAL_NULL_CONVERSION = YES;
				CLANG_WARN_OBJC_IMPLICIT_RETAIN_SELF = YES;
				CLANG_WARN_OBJC_LITERAL_CONVERSION = YES;
				CLANG_WARN_OBJC_ROOT_CLASS = YES_ERROR;
				CLANG_WARN_RANGE_LOOP_ANALYSIS = YES;
				CLANG_WARN_STRICT_PROTOTYPES = YES;
				CLANG_WARN_SUSPICIOUS_MOVE = YES;
				CLANG_WARN_UNGUARDED_AVAILABILITY = YES_AGGRESSIVE;
				CLANG_WARN_UNREACHABLE_CODE = YES;
				CLANG_WARN__DUPLICATE_METHOD_MATCH = YES;
				CODE_SIGN_IDENTITY = "Mac Developer";
				COPY_PHASE_STRIP = NO;
				DEBUG_INFORMATION_FORMAT = "dwarf-with-dsym";
				ENABLE_NS_ASSERTIONS = NO;
				ENABLE_STRICT_OBJC_MSGSEND = YES;
				GCC_C_LANGUAGE_STANDARD = gnu11;
				GCC_NO_COMMON_BLOCKS = YES;
				GCC_WARN_64_TO_32_BIT_CONVERSION = YES;
				GCC_WARN_ABOUT_RETURN_TYPE = YES_ERROR;
				GCC_WARN_UNDECLARED_SELECTOR = YES;
				GCC_WARN_UNINITIALIZED_AUTOS = YES_AGGRESSIVE;
				GCC_WARN_UNUSED_FUNCTION = YES;
				GCC_WARN_UNUSED_VARIABLE = YES;
				MACOSX_DEPLOYMENT_TARGET = 10.13;
				MTL_ENABLE_DEBUG_INFO = NO;
				SDKROOT = macosx;
				SWIFT_COMPILATION_MODE = wholemodule;
				SWIFT_OPTIMIZATION_LEVEL = "-O";
			};
			name = Release;
		};
		CD07566920D8F52B00B643C3 /* Debug */ = {
			isa = XCBuildConfiguration;
			buildSettings = {
				ASSETCATALOG_COMPILER_APPICON_NAME = AppIcon;
				CODE_SIGN_STYLE = Automatic;
				COMBINE_HIDPI_IMAGES = YES;
				DEVELOPMENT_TEAM = 5AMLKCQ2TQ;
				FRAMEWORK_SEARCH_PATHS = (
					"$(inherited)",
					"$(PROJECT_DIR)/Flow\\ Inspector/Frameworks",
				);
				HEADER_SEARCH_PATHS = "";
				INFOPLIST_FILE = "Flow Inspector/Info.plist";
				LD_RUNPATH_SEARCH_PATHS = (
					"$(inherited)",
					"@executable_path/../Frameworks",
				);
				LIBRARY_SEARCH_PATHS = "";
				MACOSX_DEPLOYMENT_TARGET = 10.13;
				PRODUCT_BUNDLE_IDENTIFIER = "com.octadero.Flow-Inspector";
				PRODUCT_NAME = "$(TARGET_NAME)";
				SWIFT_VERSION = 4.2;
			};
			name = Debug;
		};
		CD07566A20D8F52B00B643C3 /* Release */ = {
			isa = XCBuildConfiguration;
			buildSettings = {
				ASSETCATALOG_COMPILER_APPICON_NAME = AppIcon;
				CODE_SIGN_STYLE = Automatic;
				COMBINE_HIDPI_IMAGES = YES;
				DEVELOPMENT_TEAM = 5AMLKCQ2TQ;
				FRAMEWORK_SEARCH_PATHS = (
					"$(inherited)",
					"$(PROJECT_DIR)/Flow\\ Inspector/Frameworks",
				);
				HEADER_SEARCH_PATHS = "";
				INFOPLIST_FILE = "Flow Inspector/Info.plist";
				LD_RUNPATH_SEARCH_PATHS = (
					"$(inherited)",
					"@executable_path/../Frameworks",
				);
				LIBRARY_SEARCH_PATHS = "";
				MACOSX_DEPLOYMENT_TARGET = 10.13;
				PRODUCT_BUNDLE_IDENTIFIER = "com.octadero.Flow-Inspector";
				PRODUCT_NAME = "$(TARGET_NAME)";
				SWIFT_VERSION = 4.2;
			};
			name = Release;
		};
		CDA7CDBF20EFEF850088FE94 /* Debug */ = {
			isa = XCBuildConfiguration;
			buildSettings = {
				CODE_SIGN_IDENTITY = "";
				CODE_SIGN_STYLE = Automatic;
				COMBINE_HIDPI_IMAGES = YES;
				CURRENT_PROJECT_VERSION = 1;
				DEFINES_MODULE = YES;
				DEVELOPMENT_TEAM = YN4TK7JQSA;
				DYLIB_COMPATIBILITY_VERSION = 1;
				DYLIB_CURRENT_VERSION = 1;
				DYLIB_INSTALL_NAME_BASE = "@rpath";
				FRAMEWORK_VERSION = A;
				INFOPLIST_FILE = CTensorFlow/Info.plist;
				INSTALL_PATH = "$(LOCAL_LIBRARY_DIR)/Frameworks";
				LD_RUNPATH_SEARCH_PATHS = (
					"$(inherited)",
					"@executable_path/../Frameworks",
					"@loader_path/Frameworks",
				);
				PRODUCT_BUNDLE_IDENTIFIER = com.octadero.CTensorFlow;
				PRODUCT_NAME = "$(TARGET_NAME:c99extidentifier)";
				SKIP_INSTALL = YES;
				SWIFT_VERSION = 4.0;
				VERSIONING_SYSTEM = "apple-generic";
				VERSION_INFO_PREFIX = "";
			};
			name = Debug;
		};
		CDA7CDC020EFEF850088FE94 /* Release */ = {
			isa = XCBuildConfiguration;
			buildSettings = {
				CODE_SIGN_IDENTITY = "";
				CODE_SIGN_STYLE = Automatic;
				COMBINE_HIDPI_IMAGES = YES;
				CURRENT_PROJECT_VERSION = 1;
				DEFINES_MODULE = YES;
				DEVELOPMENT_TEAM = YN4TK7JQSA;
				DYLIB_COMPATIBILITY_VERSION = 1;
				DYLIB_CURRENT_VERSION = 1;
				DYLIB_INSTALL_NAME_BASE = "@rpath";
				FRAMEWORK_VERSION = A;
				INFOPLIST_FILE = CTensorFlow/Info.plist;
				INSTALL_PATH = "$(LOCAL_LIBRARY_DIR)/Frameworks";
				LD_RUNPATH_SEARCH_PATHS = (
					"$(inherited)",
					"@executable_path/../Frameworks",
					"@loader_path/Frameworks",
				);
				PRODUCT_BUNDLE_IDENTIFIER = com.octadero.CTensorFlow;
				PRODUCT_NAME = "$(TARGET_NAME:c99extidentifier)";
				SKIP_INSTALL = YES;
				SWIFT_VERSION = 4.0;
				VERSIONING_SYSTEM = "apple-generic";
				VERSION_INFO_PREFIX = "";
			};
			name = Release;
		};
/* End XCBuildConfiguration section */

/* Begin XCConfigurationList section */
		CD07565120D8F52900B643C3 /* Build configuration list for PBXProject "Flow Inspector" */ = {
			isa = XCConfigurationList;
			buildConfigurations = (
				CD07566620D8F52B00B643C3 /* Debug */,
				CD07566720D8F52B00B643C3 /* Release */,
			);
			defaultConfigurationIsVisible = 0;
			defaultConfigurationName = Release;
		};
		CD07566820D8F52B00B643C3 /* Build configuration list for PBXNativeTarget "Flow Inspector" */ = {
			isa = XCConfigurationList;
			buildConfigurations = (
				CD07566920D8F52B00B643C3 /* Debug */,
				CD07566A20D8F52B00B643C3 /* Release */,
			);
			defaultConfigurationIsVisible = 0;
			defaultConfigurationName = Release;
		};
		CDA7CDBE20EFEF850088FE94 /* Build configuration list for PBXNativeTarget "CTensorFlow" */ = {
			isa = XCConfigurationList;
			buildConfigurations = (
				CDA7CDBF20EFEF850088FE94 /* Debug */,
				CDA7CDC020EFEF850088FE94 /* Release */,
			);
			defaultConfigurationIsVisible = 0;
			defaultConfigurationName = Release;
		};
/* End XCConfigurationList section */
	};
	rootObject = CD07564E20D8F52900B643C3 /* Project object */;
}
